
Microsoft Visual Studio Solution File, Format Version 12.00
# Visual Studio 2015
Project("{FAE04EC0-301F-11D3-BF4B-00C04F79EFBC}") = "UI Team.CSharp", "UI Team.CSharp.csproj", "{E6CC4C72-9C82-B273-E253-CF5F31B061F4}"
EndProject
Project("{FAE04EC0-301F-11D3-BF4B-00C04F79EFBC}") = "UI Team.CSharp.Editor", "UI Team.CSharp.Editor.csproj", "{EAF13F57-CDCE-546C-5223-6AB00301EFCD}"
EndProject
Global
	GlobalSection(SolutionConfigurationPlatforms) = preSolution
		Debug|Any CPU = Debug|Any CPU
		Release|Any CPU = Release|Any CPU
	EndGlobalSection
	GlobalSection(ProjectConfigurationPlatforms) = postSolution
		{E6CC4C72-9C82-B273-E253-CF5F31B061F4}.Debug|Any CPU.ActiveCfg = Debug|Any CPU
		{E6CC4C72-9C82-B273-E253-CF5F31B061F4}.Debug|Any CPU.Build.0 = Debug|Any CPU
		{E6CC4C72-9C82-B273-E253-CF5F31B061F4}.Release|Any CPU.ActiveCfg = Release|Any CPU
		{E6CC4C72-9C82-B273-E253-CF5F31B061F4}.Release|Any CPU.Build.0 = Release|Any CPU
		{EAF13F57-CDCE-546C-5223-6AB00301EFCD}.Debug|Any CPU.ActiveCfg = Debug|Any CPU
		{EAF13F57-CDCE-546C-5223-6AB00301EFCD}.Debug|Any CPU.Build.0 = Debug|Any CPU
		{EAF13F57-CDCE-546C-5223-6AB00301EFCD}.Release|Any CPU.ActiveCfg = Release|Any CPU
		{EAF13F57-CDCE-546C-5223-6AB00301EFCD}.Release|Any CPU.Build.0 = Release|Any CPU
	EndGlobalSection
	GlobalSection(SolutionProperties) = preSolution
		HideSolutionNode = FALSE
	EndGlobalSection
EndGlobal
